
Microsoft Visual Studio Solution File, Format Version 12.00
# Visual Studio 15
VisualStudioVersion = 15.0.27428.2043
MinimumVisualStudioVersion = 10.0.40219.1
Project("{FAE04EC0-301F-11D3-BF4B-00C04F79EFBC}") = "BangGia", "BangGia\BangGia.csproj", "{BD2DE143-5F17-413D-9E61-6461B29A9F7A}"
EndProject
Global
	GlobalSection(SolutionConfigurationPlatforms) = preSolution
		Debug|Any CPU = Debug|Any CPU
		Release|Any CPU = Release|Any CPU
	EndGlobalSection
	GlobalSection(ProjectConfigurationPlatforms) = postSolution
		{BD2DE143-5F17-413D-9E61-6461B29A9F7A}.Debug|Any CPU.ActiveCfg = Debug|Any CPU
		{BD2DE143-5F17-413D-9E61-6461B29A9F7A}.Debug|Any CPU.Build.0 = Debug|Any CPU
		{BD2DE143-5F17-413D-9E61-6461B29A9F7A}.Release|Any CPU.ActiveCfg = Release|Any CPU
		{BD2DE143-5F17-413D-9E61-6461B29A9F7A}.Release|Any CPU.Build.0 = Release|Any CPU
	EndGlobalSection
	GlobalSection(SolutionProperties) = preSolution
		HideSolutionNode = FALSE
	EndGlobalSection
	GlobalSection(ExtensibilityGlobals) = postSolution
		SolutionGuid = {EBB3F523-A720-40FF-8D0D-74B869F2E9AF}
	EndGlobalSection
EndGlobal
